
Microsoft Visual Studio Solution File, Format Version 12.00
# Visual Studio 14
VisualStudioVersion = 14.0.25420.1
MinimumVisualStudioVersion = 10.0.40219.1
Project("{FAE04EC0-301F-11D3-BF4B-00C04F79EFBC}") = "AppWeb", "AppWeb\AppWeb.csproj", "{725DF30C-0730-4A23-B509-140244642CE8}"
	ProjectSection(ProjectDependencies) = postProject
		{9DAFDD0B-38DE-47A4-AB4F-54F443CB0193} = {9DAFDD0B-38DE-47A4-AB4F-54F443CB0193}
		{72948B11-7517-4F1A-BA67-757DE58AE00F} = {72948B11-7517-4F1A-BA67-757DE58AE00F}
		{37100015-4FEE-4358-A4A5-1F0298045070} = {37100015-4FEE-4358-A4A5-1F0298045070}
		{28E9312B-15D3-4B4C-ADDB-98AEAD80E097} = {28E9312B-15D3-4B4C-ADDB-98AEAD80E097}
		{627CB848-0A5E-4E94-ABC1-6CA0362109C7} = {627CB848-0A5E-4E94-ABC1-6CA0362109C7}
		{46797C4E-F954-4BD6-B5C0-965900CDEDAC} = {46797C4E-F954-4BD6-B5C0-965900CDEDAC}
		{8B8FFC70-0876-465D-B7BB-1AA773A7B4CA} = {8B8FFC70-0876-465D-B7BB-1AA773A7B4CA}
		{261CB9FF-DE26-471E-9470-10F41C847A1F} = {261CB9FF-DE26-471E-9470-10F41C847A1F}
	EndProjectSection
EndProject
Project("{FAE04EC0-301F-11D3-BF4B-00C04F79EFBC}") = "Dominio", "Dominio\Dominio.csproj", "{D1A9C1A9-D5D7-40EC-9ED0-E786A1ACC496}"
EndProject
Project("{FAE04EC0-301F-11D3-BF4B-00C04F79EFBC}") = "WcfAgregarProv", "WcfAgregarProv\WcfAgregarProv.csproj", "{37100015-4FEE-4358-A4A5-1F0298045070}"
EndProject
Project("{FAE04EC0-301F-11D3-BF4B-00C04F79EFBC}") = "WcfListaProv", "WcfListaProv\WcfListaProv.csproj", "{9DAFDD0B-38DE-47A4-AB4F-54F443CB0193}"
EndProject
Project("{FAE04EC0-301F-11D3-BF4B-00C04F79EFBC}") = "WCFCatalogoServicios", "WCFCatalogoServicios\WCFCatalogoServicios.csproj", "{28E9312B-15D3-4B4C-ADDB-98AEAD80E097}"
EndProject
Project("{FAE04EC0-301F-11D3-BF4B-00C04F79EFBC}") = "WCFProveedorDadoRUT", "WCFProveedorDadoRUT\WCFProveedorDadoRUT.csproj", "{46797C4E-F954-4BD6-B5C0-965900CDEDAC}"
EndProject
Project("{FAE04EC0-301F-11D3-BF4B-00C04F79EFBC}") = "WcfServiceModificarParametros", "WcfServiceModificarParametros\WcfServiceModificarParametros.csproj", "{627CB848-0A5E-4E94-ABC1-6CA0362109C7}"
EndProject
Project("{FAE04EC0-301F-11D3-BF4B-00C04F79EFBC}") = "WCFDesactivarProv", "WCFDesactivarProv\WCFDesactivarProv.csproj", "{72948B11-7517-4F1A-BA67-757DE58AE00F}"
EndProject
Project("{FAE04EC0-301F-11D3-BF4B-00C04F79EFBC}") = "WCFGuardarProvTxt", "WCFGuardarProvTxt\WCFGuardarProvTxt.csproj", "{8B8FFC70-0876-465D-B7BB-1AA773A7B4CA}"
EndProject
Project("{FAE04EC0-301F-11D3-BF4B-00C04F79EFBC}") = "WcfGuardarCatalogoTxt", "WcfGuardarCatalogoTxt\WcfGuardarCatalogoTxt.csproj", "{261CB9FF-DE26-471E-9470-10F41C847A1F}"
EndProject
Global
	GlobalSection(SolutionConfigurationPlatforms) = preSolution
		Debug|Any CPU = Debug|Any CPU
		Release|Any CPU = Release|Any CPU
	EndGlobalSection
	GlobalSection(ProjectConfigurationPlatforms) = postSolution
		{725DF30C-0730-4A23-B509-140244642CE8}.Debug|Any CPU.ActiveCfg = Debug|Any CPU
		{725DF30C-0730-4A23-B509-140244642CE8}.Debug|Any CPU.Build.0 = Debug|Any CPU
		{725DF30C-0730-4A23-B509-140244642CE8}.Release|Any CPU.ActiveCfg = Release|Any CPU
		{725DF30C-0730-4A23-B509-140244642CE8}.Release|Any CPU.Build.0 = Release|Any CPU
		{D1A9C1A9-D5D7-40EC-9ED0-E786A1ACC496}.Debug|Any CPU.ActiveCfg = Debug|Any CPU
		{D1A9C1A9-D5D7-40EC-9ED0-E786A1ACC496}.Debug|Any CPU.Build.0 = Debug|Any CPU
		{D1A9C1A9-D5D7-40EC-9ED0-E786A1ACC496}.Release|Any CPU.ActiveCfg = Release|Any CPU
		{D1A9C1A9-D5D7-40EC-9ED0-E786A1ACC496}.Release|Any CPU.Build.0 = Release|Any CPU
		{37100015-4FEE-4358-A4A5-1F0298045070}.Debug|Any CPU.ActiveCfg = Debug|Any CPU
		{37100015-4FEE-4358-A4A5-1F0298045070}.Debug|Any CPU.Build.0 = Debug|Any CPU
		{37100015-4FEE-4358-A4A5-1F0298045070}.Release|Any CPU.ActiveCfg = Release|Any CPU
		{37100015-4FEE-4358-A4A5-1F0298045070}.Release|Any CPU.Build.0 = Release|Any CPU
		{9DAFDD0B-38DE-47A4-AB4F-54F443CB0193}.Debug|Any CPU.ActiveCfg = Debug|Any CPU
		{9DAFDD0B-38DE-47A4-AB4F-54F443CB0193}.Debug|Any CPU.Build.0 = Debug|Any CPU
		{9DAFDD0B-38DE-47A4-AB4F-54F443CB0193}.Release|Any CPU.ActiveCfg = Release|Any CPU
		{9DAFDD0B-38DE-47A4-AB4F-54F443CB0193}.Release|Any CPU.Build.0 = Release|Any CPU
		{28E9312B-15D3-4B4C-ADDB-98AEAD80E097}.Debug|Any CPU.ActiveCfg = Debug|Any CPU
		{28E9312B-15D3-4B4C-ADDB-98AEAD80E097}.Debug|Any CPU.Build.0 = Debug|Any CPU
		{28E9312B-15D3-4B4C-ADDB-98AEAD80E097}.Release|Any CPU.ActiveCfg = Release|Any CPU
		{28E9312B-15D3-4B4C-ADDB-98AEAD80E097}.Release|Any CPU.Build.0 = Release|Any CPU
		{46797C4E-F954-4BD6-B5C0-965900CDEDAC}.Debug|Any CPU.ActiveCfg = Debug|Any CPU
		{46797C4E-F954-4BD6-B5C0-965900CDEDAC}.Debug|Any CPU.Build.0 = Debug|Any CPU
		{46797C4E-F954-4BD6-B5C0-965900CDEDAC}.Release|Any CPU.ActiveCfg = Release|Any CPU
		{46797C4E-F954-4BD6-B5C0-965900CDEDAC}.Release|Any CPU.Build.0 = Release|Any CPU
		{627CB848-0A5E-4E94-ABC1-6CA0362109C7}.Debug|Any CPU.ActiveCfg = Debug|Any CPU
		{627CB848-0A5E-4E94-ABC1-6CA0362109C7}.Debug|Any CPU.Build.0 = Debug|Any CPU
		{627CB848-0A5E-4E94-ABC1-6CA0362109C7}.Release|Any CPU.ActiveCfg = Release|Any CPU
		{627CB848-0A5E-4E94-ABC1-6CA0362109C7}.Release|Any CPU.Build.0 = Release|Any CPU
		{72948B11-7517-4F1A-BA67-757DE58AE00F}.Debug|Any CPU.ActiveCfg = Debug|Any CPU
		{72948B11-7517-4F1A-BA67-757DE58AE00F}.Debug|Any CPU.Build.0 = Debug|Any CPU
		{72948B11-7517-4F1A-BA67-757DE58AE00F}.Release|Any CPU.ActiveCfg = Release|Any CPU
		{72948B11-7517-4F1A-BA67-757DE58AE00F}.Release|Any CPU.Build.0 = Release|Any CPU
		{8B8FFC70-0876-465D-B7BB-1AA773A7B4CA}.Debug|Any CPU.ActiveCfg = Debug|Any CPU
		{8B8FFC70-0876-465D-B7BB-1AA773A7B4CA}.Debug|Any CPU.Build.0 = Debug|Any CPU
		{8B8FFC70-0876-465D-B7BB-1AA773A7B4CA}.Release|Any CPU.ActiveCfg = Release|Any CPU
		{8B8FFC70-0876-465D-B7BB-1AA773A7B4CA}.Release|Any CPU.Build.0 = Release|Any CPU
		{261CB9FF-DE26-471E-9470-10F41C847A1F}.Debug|Any CPU.ActiveCfg = Debug|Any CPU
		{261CB9FF-DE26-471E-9470-10F41C847A1F}.Debug|Any CPU.Build.0 = Debug|Any CPU
		{261CB9FF-DE26-471E-9470-10F41C847A1F}.Release|Any CPU.ActiveCfg = Release|Any CPU
		{261CB9FF-DE26-471E-9470-10F41C847A1F}.Release|Any CPU.Build.0 = Release|Any CPU
	EndGlobalSection
	GlobalSection(SolutionProperties) = preSolution
		HideSolutionNode = FALSE
	EndGlobalSection
EndGlobal
